// !$*UTF8*$!
{
	archiveVersion = 1;
	classes = {
	};
	objectVersion = 56;
	objects = {

/* Begin PBXBuildFile section */
		48C8D7CB29F9B18400066B4F /* PersonsApp.swift in Sources */ = {isa = PBXBuildFile; fileRef = 48C8D7CA29F9B18400066B4F /* PersonsApp.swift */; };
		48C8D7CF29F9B18600066B4F /* Assets.xcassets in Resources */ = {isa = PBXBuildFile; fileRef = 48C8D7CE29F9B18600066B4F /* Assets.xcassets */; };
		48C8D7D229F9B18600066B4F /* Preview Assets.xcassets in Resources */ = {isa = PBXBuildFile; fileRef = 48C8D7D129F9B18600066B4F /* Preview Assets.xcassets */; };
		48C8D7DA29F9B3ED00066B4F /* User.swift in Sources */ = {isa = PBXBuildFile; fileRef = 48C8D7D929F9B3ED00066B4F /* User.swift */; };
		48C8D7DC29F9B70E00066B4F /* PersonsListView.swift in Sources */ = {isa = PBXBuildFile; fileRef = 48C8D7DB29F9B70E00066B4F /* PersonsListView.swift */; };
		48C8D7DE29F9C05400066B4F /* PersonsListCell.swift in Sources */ = {isa = PBXBuildFile; fileRef = 48C8D7DD29F9C05400066B4F /* PersonsListCell.swift */; };
		48C8D7E029F9C1A600066B4F /* NetworkManager.swift in Sources */ = {isa = PBXBuildFile; fileRef = 48C8D7DF29F9C1A600066B4F /* NetworkManager.swift */; };
		48C8D7E229F9C25D00066B4F /* UserError.swift in Sources */ = {isa = PBXBuildFile; fileRef = 48C8D7E129F9C25D00066B4F /* UserError.swift */; };
		48C8D7E429F9F14D00066B4F /* PersonsListViewModel.swift in Sources */ = {isa = PBXBuildFile; fileRef = 48C8D7E329F9F14D00066B4F /* PersonsListViewModel.swift */; };
		48C8D7E629F9F2BA00066B4F /* Alert.swift in Sources */ = {isa = PBXBuildFile; fileRef = 48C8D7E529F9F2BA00066B4F /* Alert.swift */; };
		48C8D7E829F9F5E300066B4F /* LoadingView.swift in Sources */ = {isa = PBXBuildFile; fileRef = 48C8D7E729F9F5E300066B4F /* LoadingView.swift */; };
/* End PBXBuildFile section */

/* Begin PBXFileReference section */
		48C8D7C729F9B18400066B4F /* Persons.app */ = {isa = PBXFileReference; explicitFileType = wrapper.application; includeInIndex = 0; path = Persons.app; sourceTree = BUILT_PRODUCTS_DIR; };
		48C8D7CA29F9B18400066B4F /* PersonsApp.swift */ = {isa = PBXFileReference; lastKnownFileType = sourcecode.swift; path = PersonsApp.swift; sourceTree = "<group>"; };
		48C8D7CE29F9B18600066B4F /* Assets.xcassets */ = {isa = PBXFileReference; lastKnownFileType = folder.assetcatalog; path = Assets.xcassets; sourceTree = "<group>"; };
		48C8D7D129F9B18600066B4F /* Preview Assets.xcassets */ = {isa = PBXFileReference; lastKnownFileType = folder.assetcatalog; path = "Preview Assets.xcassets"; sourceTree = "<group>"; };
		48C8D7D929F9B3ED00066B4F /* User.swift */ = {isa = PBXFileReference; lastKnownFileType = sourcecode.swift; path = User.swift; sourceTree = "<group>"; };
		48C8D7DB29F9B70E00066B4F /* PersonsListView.swift */ = {isa = PBXFileReference; lastKnownFileType = sourcecode.swift; path = PersonsListView.swift; sourceTree = "<group>"; };
		48C8D7DD29F9C05400066B4F /* PersonsListCell.swift */ = {isa = PBXFileReference; lastKnownFileType = sourcecode.swift; path = PersonsListCell.swift; sourceTree = "<group>"; };
		48C8D7DF29F9C1A600066B4F /* NetworkManager.swift */ = {isa = PBXFileReference; lastKnownFileType = sourcecode.swift; path = NetworkManager.swift; sourceTree = "<group>"; };
		48C8D7E129F9C25D00066B4F /* UserError.swift */ = {isa = PBXFileReference; lastKnownFileType = sourcecode.swift; path = UserError.swift; sourceTree = "<group>"; };
		48C8D7E329F9F14D00066B4F /* PersonsListViewModel.swift */ = {isa = PBXFileReference; lastKnownFileType = sourcecode.swift; path = PersonsListViewModel.swift; sourceTree = "<group>"; };
		48C8D7E529F9F2BA00066B4F /* Alert.swift */ = {isa = PBXFileReference; lastKnownFileType = sourcecode.swift; path = Alert.swift; sourceTree = "<group>"; };
		48C8D7E729F9F5E300066B4F /* LoadingView.swift */ = {isa = PBXFileReference; lastKnownFileType = sourcecode.swift; path = LoadingView.swift; sourceTree = "<group>"; };
/* End PBXFileReference section */

/* Begin PBXFrameworksBuildPhase section */
		48C8D7C429F9B18400066B4F /* Frameworks */ = {
			isa = PBXFrameworksBuildPhase;
			buildActionMask = 2147483647;
			files = (
			);
			runOnlyForDeploymentPostprocessing = 0;
		};
/* End PBXFrameworksBuildPhase section */

/* Begin PBXGroup section */
		48C8D7BE29F9B18400066B4F = {
			isa = PBXGroup;
			children = (
				48C8D7C929F9B18400066B4F /* Persons */,
				48C8D7C829F9B18400066B4F /* Products */,
			);
			sourceTree = "<group>";
		};
		48C8D7C829F9B18400066B4F /* Products */ = {
			isa = PBXGroup;
			children = (
				48C8D7C729F9B18400066B4F /* Persons.app */,
			);
			name = Products;
			sourceTree = "<group>";
		};
		48C8D7C929F9B18400066B4F /* Persons */ = {
			isa = PBXGroup;
			children = (
				48C8D7D829F9B3DC00066B4F /* Model */,
				48C8D7CA29F9B18400066B4F /* PersonsApp.swift */,
				48C8D7DB29F9B70E00066B4F /* PersonsListView.swift */,
				48C8D7DD29F9C05400066B4F /* PersonsListCell.swift */,
				48C8D7CE29F9B18600066B4F /* Assets.xcassets */,
				48C8D7D029F9B18600066B4F /* Preview Content */,
				48C8D7DF29F9C1A600066B4F /* NetworkManager.swift */,
				48C8D7E129F9C25D00066B4F /* UserError.swift */,
				48C8D7E329F9F14D00066B4F /* PersonsListViewModel.swift */,
				48C8D7E529F9F2BA00066B4F /* Alert.swift */,
				48C8D7E729F9F5E300066B4F /* LoadingView.swift */,
			);
			path = Persons;
			sourceTree = "<group>";
		};
		48C8D7D029F9B18600066B4F /* Preview Content */ = {
			isa = PBXGroup;
			children = (
				48C8D7D129F9B18600066B4F /* Preview Assets.xcassets */,
			);
			path = "Preview Content";
			sourceTree = "<group>";
		};
		48C8D7D829F9B3DC00066B4F /* Model */ = {
			isa = PBXGroup;
			children = (
				48C8D7D929F9B3ED00066B4F /* User.swift */,
			);
			path = Model;
			sourceTree = "<group>";
		};
/* End PBXGroup section */

/* Begin PBXNativeTarget section */
		48C8D7C629F9B18400066B4F /* Persons */ = {
			isa = PBXNativeTarget;
			buildConfigurationList = 48C8D7D529F9B18600066B4F /* Build configuration list for PBXNativeTarget "Persons" */;
			buildPhases = (
				48C8D7C329F9B18400066B4F /* Sources */,
				48C8D7C429F9B18400066B4F /* Frameworks */,
				48C8D7C529F9B18400066B4F /* Resources */,
			);
			buildRules = (
			);
			dependencies = (
			);
			name = Persons;
			productName = Persons;
			productReference = 48C8D7C729F9B18400066B4F /* Persons.app */;
			productType = "com.apple.product-type.application";
		};
/* End PBXNativeTarget section */

/* Begin PBXProject section */
		48C8D7BF29F9B18400066B4F /* Project object */ = {
			isa = PBXProject;
			attributes = {
				BuildIndependentTargetsInParallel = 1;
				LastSwiftUpdateCheck = 1420;
				LastUpgradeCheck = 1420;
				TargetAttributes = {
					48C8D7C629F9B18400066B4F = {
						CreatedOnToolsVersion = 14.2;
					};
				};
			};
			buildConfigurationList = 48C8D7C229F9B18400066B4F /* Build configuration list for PBXProject "Persons" */;
			compatibilityVersion = "Xcode 14.0";
			developmentRegion = en;
			hasScannedForEncodings = 0;
			knownRegions = (
				en,
				Base,
			);
			mainGroup = 48C8D7BE29F9B18400066B4F;
			productRefGroup = 48C8D7C829F9B18400066B4F /* Products */;
			projectDirPath = "";
			projectRoot = "";
			targets = (
				48C8D7C629F9B18400066B4F /* Persons */,
			);
		};
/* End PBXProject section */

/* Begin PBXResourcesBuildPhase section */
		48C8D7C529F9B18400066B4F /* Resources */ = {
			isa = PBXResourcesBuildPhase;
			buildActionMask = 2147483647;
			files = (
				48C8D7D229F9B18600066B4F /* Preview Assets.xcassets in Resources */,
				48C8D7CF29F9B18600066B4F /* Assets.xcassets in Resources */,
			);
			runOnlyForDeploymentPostprocessing = 0;
		};
/* End PBXResourcesBuildPhase section */

/* Begin PBXSourcesBuildPhase section */
		48C8D7C329F9B18400066B4F /* Sources */ = {
			isa = PBXSourcesBuildPhase;
			buildActionMask = 2147483647;
			files = (
				48C8D7CB29F9B18400066B4F /* PersonsApp.swift in Sources */,
				48C8D7DC29F9B70E00066B4F /* PersonsListView.swift in Sources */,
				48C8D7E429F9F14D00066B4F /* PersonsListViewModel.swift in Sources */,
				48C8D7E029F9C1A600066B4F /* NetworkManager.swift in Sources */,
				48C8D7DE29F9C05400066B4F /* PersonsListCell.swift in Sources */,
				48C8D7DA29F9B3ED00066B4F /* User.swift in Sources */,
				48C8D7E629F9F2BA00066B4F /* Alert.swift in Sources */,
				48C8D7E229F9C25D00066B4F /* UserError.swift in Sources */,
				48C8D7E829F9F5E300066B4F /* LoadingView.swift in Sources */,
			);
			runOnlyForDeploymentPostprocessing = 0;
		};
/* End PBXSourcesBuildPhase section */

/* Begin XCBuildConfiguration section */
		48C8D7D329F9B18600066B4F /* Debug */ = {
			isa = XCBuildConfiguration;
			buildSettings = {
				ALWAYS_SEARCH_USER_PATHS = NO;
				CLANG_ANALYZER_NONNULL = YES;
				CLANG_ANALYZER_NUMBER_OBJECT_CONVERSION = YES_AGGRESSIVE;
				CLANG_CXX_LANGUAGE_STANDARD = "gnu++20";
				CLANG_ENABLE_MODULES = YES;
				CLANG_ENABLE_OBJC_ARC = YES;
				CLANG_ENABLE_OBJC_WEAK = YES;
				CLANG_WARN_BLOCK_CAPTURE_AUTORELEASING = YES;
				CLANG_WARN_BOOL_CONVERSION = YES;
				CLANG_WARN_COMMA = YES;
				CLANG_WARN_CONSTANT_CONVERSION = YES;
				CLANG_WARN_DEPRECATED_OBJC_IMPLEMENTATIONS = YES;
				CLANG_WARN_DIRECT_OBJC_ISA_USAGE = YES_ERROR;
				CLANG_WARN_DOCUMENTATION_COMMENTS = YES;
				CLANG_WARN_EMPTY_BODY = YES;
				CLANG_WARN_ENUM_CONVERSION = YES;
				CLANG_WARN_INFINITE_RECURSION = YES;
				CLANG_WARN_INT_CONVERSION = YES;
				CLANG_WARN_NON_LITERAL_NULL_CONVERSION = YES;
				CLANG_WARN_OBJC_IMPLICIT_RETAIN_SELF = YES;
				CLANG_WARN_OBJC_LITERAL_CONVERSION = YES;
				CLANG_WARN_OBJC_ROOT_CLASS = YES_ERROR;
				CLANG_WARN_QUOTED_INCLUDE_IN_FRAMEWORK_HEADER = YES;
				CLANG_WARN_RANGE_LOOP_ANALYSIS = YES;
				CLANG_WARN_STRICT_PROTOTYPES = YES;
				CLANG_WARN_SUSPICIOUS_MOVE = YES;
				CLANG_WARN_UNGUARDED_AVAILABILITY = YES_AGGRESSIVE;
				CLANG_WARN_UNREACHABLE_CODE = YES;
				CLANG_WARN__DUPLICATE_METHOD_MATCH = YES;
				COPY_PHASE_STRIP = NO;
				DEBUG_INFORMATION_FORMAT = dwarf;
				ENABLE_STRICT_OBJC_MSGSEND = YES;
				ENABLE_TESTABILITY = YES;
				GCC_C_LANGUAGE_STANDARD = gnu11;
				GCC_DYNAMIC_NO_PIC = NO;
				GCC_NO_COMMON_BLOCKS = YES;
				GCC_OPTIMIZATION_LEVEL = 0;
				GCC_PREPROCESSOR_DEFINITIONS = (
					"DEBUG=1",
					"$(inherited)",
				);
				GCC_WARN_64_TO_32_BIT_CONVERSION = YES;
				GCC_WARN_ABOUT_RETURN_TYPE = YES_ERROR;
				GCC_WARN_UNDECLARED_SELECTOR = YES;
				GCC_WARN_UNINITIALIZED_AUTOS = YES_AGGRESSIVE;
				GCC_WARN_UNUSED_FUNCTION = YES;
				GCC_WARN_UNUSED_VARIABLE = YES;
				IPHONEOS_DEPLOYMENT_TARGET = 16.2;
				MTL_ENABLE_DEBUG_INFO = INCLUDE_SOURCE;
				MTL_FAST_MATH = YES;
				ONLY_ACTIVE_ARCH = YES;
				SDKROOT = iphoneos;
				SWIFT_ACTIVE_COMPILATION_CONDITIONS = DEBUG;
				SWIFT_OPTIMIZATION_LEVEL = "-Onone";
			};
			name = Debug;
		};
		48C8D7D429F9B18600066B4F /* Release */ = {
			isa = XCBuildConfiguration;
			buildSettings = {
				ALWAYS_SEARCH_USER_PATHS = NO;
				CLANG_ANALYZER_NONNULL = YES;
				CLANG_ANALYZER_NUMBER_OBJECT_CONVERSION = YES_AGGRESSIVE;
				CLANG_CXX_LANGUAGE_STANDARD = "gnu++20";
				CLANG_ENABLE_MODULES = YES;
				CLANG_ENABLE_OBJC_ARC = YES;
				CLANG_ENABLE_OBJC_WEAK = YES;
				CLANG_WARN_BLOCK_CAPTURE_AUTORELEASING = YES;
				CLANG_WARN_BOOL_CONVERSION = YES;
				CLANG_WARN_COMMA = YES;
				CLANG_WARN_CONSTANT_CONVERSION = YES;
				CLANG_WARN_DEPRECATED_OBJC_IMPLEMENTATIONS = YES;
				CLANG_WARN_DIRECT_OBJC_ISA_USAGE = YES_ERROR;
				CLANG_WARN_DOCUMENTATION_COMMENTS = YES;
				CLANG_WARN_EMPTY_BODY = YES;
				CLANG_WARN_ENUM_CONVERSION = YES;
				CLANG_WARN_INFINITE_RECURSION = YES;
				CLANG_WARN_INT_CONVERSION = YES;
				CLANG_WARN_NON_LITERAL_NULL_CONVERSION = YES;
				CLANG_WARN_OBJC_IMPLICIT_RETAIN_SELF = YES;
				CLANG_WARN_OBJC_LITERAL_CONVERSION = YES;
				CLANG_WARN_OBJC_ROOT_CLASS = YES_ERROR;
				CLANG_WARN_QUOTED_INCLUDE_IN_FRAMEWORK_HEADER = YES;
				CLANG_WARN_RANGE_LOOP_ANALYSIS = YES;
				CLANG_WARN_STRICT_PROTOTYPES = YES;
				CLANG_WARN_SUSPICIOUS_MOVE = YES;
				CLANG_WARN_UNGUARDED_AVAILABILITY = YES_AGGRESSIVE;
				CLANG_WARN_UNREACHABLE_CODE = YES;
				CLANG_WARN__DUPLICATE_METHOD_MATCH = YES;
				COPY_PHASE_STRIP = NO;
				DEBUG_INFORMATION_FORMAT = "dwarf-with-dsym";
				ENABLE_NS_ASSERTIONS = NO;
				ENABLE_STRICT_OBJC_MSGSEND = YES;
				GCC_C_LANGUAGE_STANDARD = gnu11;
				GCC_NO_COMMON_BLOCKS = YES;
				GCC_WARN_64_TO_32_BIT_CONVERSION = YES;
				GCC_WARN_ABOUT_RETURN_TYPE = YES_ERROR;
				GCC_WARN_UNDECLARED_SELECTOR = YES;
				GCC_WARN_UNINITIALIZED_AUTOS = YES_AGGRESSIVE;
				GCC_WARN_UNUSED_FUNCTION = YES;
				GCC_WARN_UNUSED_VARIABLE = YES;
				IPHONEOS_DEPLOYMENT_TARGET = 16.2;
				MTL_ENABLE_DEBUG_INFO = NO;
				MTL_FAST_MATH = YES;
				SDKROOT = iphoneos;
				SWIFT_COMPILATION_MODE = wholemodule;
				SWIFT_OPTIMIZATION_LEVEL = "-O";
				VALIDATE_PRODUCT = YES;
			};
			name = Release;
		};
		48C8D7D629F9B18600066B4F /* Debug */ = {
			isa = XCBuildConfiguration;
			buildSettings = {
				ASSETCATALOG_COMPILER_APPICON_NAME = AppIcon;
				ASSETCATALOG_COMPILER_GLOBAL_ACCENT_COLOR_NAME = AccentColor;
				CODE_SIGN_STYLE = Automatic;
				CURRENT_PROJECT_VERSION = 1;
				DEVELOPMENT_ASSET_PATHS = "\"Persons/Preview Content\"";
				DEVELOPMENT_TEAM = D3G884Q52V;
				ENABLE_PREVIEWS = YES;
				GENERATE_INFOPLIST_FILE = YES;
				INFOPLIST_KEY_UIApplicationSceneManifest_Generation = YES;
				INFOPLIST_KEY_UIApplicationSupportsIndirectInputEvents = YES;
				INFOPLIST_KEY_UILaunchScreen_Generation = YES;
				INFOPLIST_KEY_UISupportedInterfaceOrientations_iPad = "UIInterfaceOrientationPortrait UIInterfaceOrientationPortraitUpsideDown UIInterfaceOrientationLandscapeLeft UIInterfaceOrientationLandscapeRight";
				INFOPLIST_KEY_UISupportedInterfaceOrientations_iPhone = "UIInterfaceOrientationPortrait UIInterfaceOrientationLandscapeLeft UIInterfaceOrientationLandscapeRight";
				LD_RUNPATH_SEARCH_PATHS = (
					"$(inherited)",
					"@executable_path/Frameworks",
				);
				MARKETING_VERSION = 1.0;
				PRODUCT_BUNDLE_IDENTIFIER = "Ayodeji-Komolafe.Persons";
				PRODUCT_NAME = "$(TARGET_NAME)";
				SWIFT_EMIT_LOC_STRINGS = YES;
				SWIFT_VERSION = 5.0;
				TARGETED_DEVICE_FAMILY = "1,2";
			};
			name = Debug;
		};
		48C8D7D729F9B18600066B4F /* Release */ = {
			isa = XCBuildConfiguration;
			buildSettings = {
				ASSETCATALOG_COMPILER_APPICON_NAME = AppIcon;
				ASSETCATALOG_COMPILER_GLOBAL_ACCENT_COLOR_NAME = AccentColor;
				CODE_SIGN_STYLE = Automatic;
				CURRENT_PROJECT_VERSION = 1;
				DEVELOPMENT_ASSET_PATHS = "\"Persons/Preview Content\"";
				DEVELOPMENT_TEAM = D3G884Q52V;
				ENABLE_PREVIEWS = YES;
				GENERATE_INFOPLIST_FILE = YES;
				INFOPLIST_KEY_UIApplicationSceneManifest_Generation = YES;
				INFOPLIST_KEY_UIApplicationSupportsIndirectInputEvents = YES;
				INFOPLIST_KEY_UILaunchScreen_Generation = YES;
				INFOPLIST_KEY_UISupportedInterfaceOrientations_iPad = "UIInterfaceOrientationPortrait UIInterfaceOrientationPortraitUpsideDown UIInterfaceOrientationLandscapeLeft UIInterfaceOrientationLandscapeRight";
				INFOPLIST_KEY_UISupportedInterfaceOrientations_iPhone = "UIInterfaceOrientationPortrait UIInterfaceOrientationLandscapeLeft UIInterfaceOrientationLandscapeRight";
				LD_RUNPATH_SEARCH_PATHS = (
					"$(inherited)",
					"@executable_path/Frameworks",
				);
				MARKETING_VERSION = 1.0;
				PRODUCT_BUNDLE_IDENTIFIER = "Ayodeji-Komolafe.Persons";
				PRODUCT_NAME = "$(TARGET_NAME)";
				SWIFT_EMIT_LOC_STRINGS = YES;
				SWIFT_VERSION = 5.0;
				TARGETED_DEVICE_FAMILY = "1,2";
			};
			name = Release;
		};
/* End XCBuildConfiguration section */

/* Begin XCConfigurationList section */
		48C8D7C229F9B18400066B4F /* Build configuration list for PBXProject "Persons" */ = {
			isa = XCConfigurationList;
			buildConfigurations = (
				48C8D7D329F9B18600066B4F /* Debug */,
				48C8D7D429F9B18600066B4F /* Release */,
			);
			defaultConfigurationIsVisible = 0;
			defaultConfigurationName = Release;
		};
		48C8D7D529F9B18600066B4F /* Build configuration list for PBXNativeTarget "Persons" */ = {
			isa = XCConfigurationList;
			buildConfigurations = (
				48C8D7D629F9B18600066B4F /* Debug */,
				48C8D7D729F9B18600066B4F /* Release */,
			);
			defaultConfigurationIsVisible = 0;
			defaultConfigurationName = Release;
		};
/* End XCConfigurationList section */
	};
	rootObject = 48C8D7BF29F9B18400066B4F /* Project object */;
}
